
Microsoft Visual Studio Solution File, Format Version 12.00
# Visual Studio Version 17
VisualStudioVersion = 17.0.31903.59
MinimumVisualStudioVersion = 10.0.40219.1
Project("{9A19103F-16F7-4668-BE54-9A1E7A4F7556}") = "BlazorInputSelectTry", "BlazorInputSelectTry\BlazorInputSelectTry.csproj", "{5E155171-ADC1-4BCE-8B82-1A305DE86156}"
EndProject
Global
	GlobalSection(SolutionConfigurationPlatforms) = preSolution
		Debug|Any CPU = Debug|Any CPU
		Release|Any CPU = Release|Any CPU
	EndGlobalSection
	GlobalSection(ProjectConfigurationPlatforms) = postSolution
		{5E155171-ADC1-4BCE-8B82-1A305DE86156}.Debug|Any CPU.ActiveCfg = Debug|Any CPU
		{5E155171-ADC1-4BCE-8B82-1A305DE86156}.Debug|Any CPU.Build.0 = Debug|Any CPU
		{5E155171-ADC1-4BCE-8B82-1A305DE86156}.Release|Any CPU.ActiveCfg = Release|Any CPU
		{5E155171-ADC1-4BCE-8B82-1A305DE86156}.Release|Any CPU.Build.0 = Release|Any CPU
	EndGlobalSection
	GlobalSection(SolutionProperties) = preSolution
		HideSolutionNode = FALSE
	EndGlobalSection
	GlobalSection(ExtensibilityGlobals) = postSolution
		SolutionGuid = {934F07DB-AAFA-4DC3-93ED-1C749EA425E2}
	EndGlobalSection
EndGlobal
